
Microsoft Visual Studio Solution File, Format Version 12.00
# Visual Studio Version 17
VisualStudioVersion = 17.3.32901.215
MinimumVisualStudioVersion = 10.0.40219.1
Project("{FAE04EC0-301F-11D3-BF4B-00C04F79EFBC}") = "APILayer", "APILayer\APILayer.csproj", "{5F3BB43B-8D82-4FB1-AE59-6B3FA2761BEE}"
EndProject
Project("{FAE04EC0-301F-11D3-BF4B-00C04F79EFBC}") = "ModelLayer", "ModelLayer\ModelLayer.csproj", "{C828AEDF-394B-4DA6-B59E-FA09DFE8CC5A}"
EndProject
Project("{FAE04EC0-301F-11D3-BF4B-00C04F79EFBC}") = "BusinessLayer", "BusinessLayer\BusinessLayer.csproj", "{556ACF29-6508-4FEC-AAB5-0911C1612EAB}"
EndProject
Project("{FAE04EC0-301F-11D3-BF4B-00C04F79EFBC}") = "DataLayer", "DataLayer\DataLayer.csproj", "{54390CE0-336E-4178-9ABE-99C1845C4B9E}"
EndProject
Project("{FAE04EC0-301F-11D3-BF4B-00C04F79EFBC}") = "UIUXLayer", "UIUXLayer\UIUXLayer.csproj", "{964EDCD9-29F1-4CEF-AC9C-C17D9C8B84A9}"
EndProject
Global
	GlobalSection(SolutionConfigurationPlatforms) = preSolution
		Debug|Any CPU = Debug|Any CPU
		Release|Any CPU = Release|Any CPU
	EndGlobalSection
	GlobalSection(ProjectConfigurationPlatforms) = postSolution
		{5F3BB43B-8D82-4FB1-AE59-6B3FA2761BEE}.Debug|Any CPU.ActiveCfg = Debug|Any CPU
		{5F3BB43B-8D82-4FB1-AE59-6B3FA2761BEE}.Debug|Any CPU.Build.0 = Debug|Any CPU
		{5F3BB43B-8D82-4FB1-AE59-6B3FA2761BEE}.Release|Any CPU.ActiveCfg = Release|Any CPU
		{5F3BB43B-8D82-4FB1-AE59-6B3FA2761BEE}.Release|Any CPU.Build.0 = Release|Any CPU
		{C828AEDF-394B-4DA6-B59E-FA09DFE8CC5A}.Debug|Any CPU.ActiveCfg = Debug|Any CPU
		{C828AEDF-394B-4DA6-B59E-FA09DFE8CC5A}.Debug|Any CPU.Build.0 = Debug|Any CPU
		{C828AEDF-394B-4DA6-B59E-FA09DFE8CC5A}.Release|Any CPU.ActiveCfg = Release|Any CPU
		{C828AEDF-394B-4DA6-B59E-FA09DFE8CC5A}.Release|Any CPU.Build.0 = Release|Any CPU
		{556ACF29-6508-4FEC-AAB5-0911C1612EAB}.Debug|Any CPU.ActiveCfg = Debug|Any CPU
		{556ACF29-6508-4FEC-AAB5-0911C1612EAB}.Debug|Any CPU.Build.0 = Debug|Any CPU
		{556ACF29-6508-4FEC-AAB5-0911C1612EAB}.Release|Any CPU.ActiveCfg = Release|Any CPU
		{556ACF29-6508-4FEC-AAB5-0911C1612EAB}.Release|Any CPU.Build.0 = Release|Any CPU
		{54390CE0-336E-4178-9ABE-99C1845C4B9E}.Debug|Any CPU.ActiveCfg = Debug|Any CPU
		{54390CE0-336E-4178-9ABE-99C1845C4B9E}.Debug|Any CPU.Build.0 = Debug|Any CPU
		{54390CE0-336E-4178-9ABE-99C1845C4B9E}.Release|Any CPU.ActiveCfg = Release|Any CPU
		{54390CE0-336E-4178-9ABE-99C1845C4B9E}.Release|Any CPU.Build.0 = Release|Any CPU
		{964EDCD9-29F1-4CEF-AC9C-C17D9C8B84A9}.Debug|Any CPU.ActiveCfg = Debug|Any CPU
		{964EDCD9-29F1-4CEF-AC9C-C17D9C8B84A9}.Debug|Any CPU.Build.0 = Debug|Any CPU
		{964EDCD9-29F1-4CEF-AC9C-C17D9C8B84A9}.Release|Any CPU.ActiveCfg = Release|Any CPU
		{964EDCD9-29F1-4CEF-AC9C-C17D9C8B84A9}.Release|Any CPU.Build.0 = Release|Any CPU
	EndGlobalSection
	GlobalSection(SolutionProperties) = preSolution
		HideSolutionNode = FALSE
	EndGlobalSection
	GlobalSection(ExtensibilityGlobals) = postSolution
		SolutionGuid = {B0C44502-89A1-4402-A064-BF518A2ADBA0}
	EndGlobalSection
EndGlobal
